
Microsoft Visual Studio Solution File, Format Version 12.00
# Visual Studio Version 17
VisualStudioVersion = 17.12.35527.113
MinimumVisualStudioVersion = 10.0.40219.1
Project("{FAE04EC0-301F-11D3-BF4B-00C04F79EFBC}") = "Blog.Infrastructure", "Blog.Infrastructure\Blog.Infrastructure.csproj", "{D7EAD8BF-A79B-4595-BE52-3AA8993735B9}"
EndProject
Project("{FAE04EC0-301F-11D3-BF4B-00C04F79EFBC}") = "Blog.Core", "Blog.Core\Blog.Core.csproj", "{1D074AFE-F720-4B70-ACAF-0613BBD17F6D}"
EndProject
Project("{FAE04EC0-301F-11D3-BF4B-00C04F79EFBC}") = "Blog.Web", "Blog.Web\Blog.Web.csproj", "{1D07F003-7589-48C9-B869-0BB34A0BD3EF}"
EndProject
Global
	GlobalSection(SolutionConfigurationPlatforms) = preSolution
		Debug|Any CPU = Debug|Any CPU
		Release|Any CPU = Release|Any CPU
	EndGlobalSection
	GlobalSection(ProjectConfigurationPlatforms) = postSolution
		{D7EAD8BF-A79B-4595-BE52-3AA8993735B9}.Debug|Any CPU.ActiveCfg = Debug|Any CPU
		{D7EAD8BF-A79B-4595-BE52-3AA8993735B9}.Debug|Any CPU.Build.0 = Debug|Any CPU
		{D7EAD8BF-A79B-4595-BE52-3AA8993735B9}.Release|Any CPU.ActiveCfg = Release|Any CPU
		{D7EAD8BF-A79B-4595-BE52-3AA8993735B9}.Release|Any CPU.Build.0 = Release|Any CPU
		{1D074AFE-F720-4B70-ACAF-0613BBD17F6D}.Debug|Any CPU.ActiveCfg = Debug|Any CPU
		{1D074AFE-F720-4B70-ACAF-0613BBD17F6D}.Debug|Any CPU.Build.0 = Debug|Any CPU
		{1D074AFE-F720-4B70-ACAF-0613BBD17F6D}.Release|Any CPU.ActiveCfg = Release|Any CPU
		{1D074AFE-F720-4B70-ACAF-0613BBD17F6D}.Release|Any CPU.Build.0 = Release|Any CPU
		{1D07F003-7589-48C9-B869-0BB34A0BD3EF}.Debug|Any CPU.ActiveCfg = Debug|Any CPU
		{1D07F003-7589-48C9-B869-0BB34A0BD3EF}.Debug|Any CPU.Build.0 = Debug|Any CPU
		{1D07F003-7589-48C9-B869-0BB34A0BD3EF}.Release|Any CPU.ActiveCfg = Release|Any CPU
		{1D07F003-7589-48C9-B869-0BB34A0BD3EF}.Release|Any CPU.Build.0 = Release|Any CPU
	EndGlobalSection
	GlobalSection(SolutionProperties) = preSolution
		HideSolutionNode = FALSE
	EndGlobalSection
EndGlobal
